<Solution>
    <Folder Name="/Solution Items/">
        <File Path=".editorconfig"/>
        <File Path="Directory.Build.props"/>
        <File Path="Directory.Packages.props"/>
        <File Path="global.json"/>
        <File Path="README.md"/>
    </Folder>
    <Folder Name="/Src/">
        <Project Path="XE-Local-AI-Engine.AI.Agent/XE-Local-AI-Engine.AI.Agent.csproj"/>
        <Project Path="XE-Local-AI-Engine.Client.Testing/XE-Local-AI-Engine.Client.Testing.csproj"/>
        <Project Path="XE-Local-AI-Engine.Client\XE-Local-AI-Engine.Client.csproj"/>
        <Project Path="XE-Local-AI-Engine.Client.Application\XE-Local-AI-Engine.Client.Application.csproj"/>
        <Project Path="XE-Local-AI-Engine.Client.Persistence/XE-Local-AI-Engine.Client.Persistence.csproj"/>
        <Project Path="XE-Local-AI-Engine.Tray/XE-Local-AI-Engine.Tray.csproj"/>
    </Folder>
    <Folder Name="/Src/Aspire/">
        <Project Path="XE-Local-AI-Engine.AppHost/XE-Local-AI-Engine.AppHost.csproj"/>
        <Project Path="XE-Local-AI-Engine.ServiceDefaults/XE-Local-AI-Engine.ServiceDefaults.csproj"/>
    </Folder>
    <Folder Name="/Src/HostAgent/">
        <Project Path="XE-Local-AI-Engine.HostAgent.Abstractions/XE-Local-AI-Engine.HostAgent.Abstractions.csproj"/>
        <Project Path="XE-Local-AI-Engine.HostAgent.Grpc.Contracts/XE-Local-AI-Engine.HostAgent.Grpc.Contracts.csproj"/>
        <Project Path="XE-Local-AI-Engine.HostAgent.Linux/XE-Local-AI-Engine.HostAgent.Linux.csproj"/>
        <Project Path="XE-Local-AI-Engine.HostAgent.Windows/XE-Local-AI-Engine.HostAgent.Windows.csproj"/>
    </Folder>
    <Folder Name="/Src/Providers/">
        <Project Path="XE-Local-AI-Engine.Providers.Abstractions/XE-Local-AI-Engine.Providers.Abstractions.csproj"/>
        <Project Path="XE-Local-AI-Engine.Providers.CodexOAuth/XE-Local-AI-Engine.Providers.CodexOAuth.csproj"/>
        <Project Path="XE-Local-AI-Engine.Providers.Ollama/XE-Local-AI-Engine.Providers.Ollama.csproj"/>
    </Folder>
    <Folder Name="/Tests/">
        <Project Path="XE-Local-AI-Engine.AI.Agent.Tests/XE-Local-AI-Engine.AI.Agent.Tests.csproj"/>
        <Project Path="XE-Local-AI-Engine.Client.Persistence.Tests/XE-Local-AI-Engine.Client.Persistence.Tests.csproj"/>
        <Project Path="XE-Local-AI-Engine.Tests/XE-Local-AI-Engine.Tests.csproj"/>
        <Project Path="XE-Local-AI-Engine.Tests.E2ETests/XE-Local-AI-Engine.Tests.E2ETests.csproj"/>
    </Folder>
    <Folder Name="/Tests/Fixture/">
        <Project Path="XE-Local-AI-Engine.Testing.FakeOllama/XE-Local-AI-Engine.Testing.FakeOllama.csproj"/>
    </Folder>
</Solution>
